PODS:
  - McPicker (0.5.2)
  - PageMenu (2.0.0)
  - SwiftSocket (2.0.2)
  - SwiftWebVC (0.4.2)
  - youtube-ios-player-helper (0.1.6)

DEPENDENCIES:
  - McPicker
  - PageMenu
  - SwiftSocket
  - SwiftWebVC
  - youtube-ios-player-helper

SPEC CHECKSUMS:
  McPicker: 3c21f279480d04ba7f8a4ae8445f59c7e0931a99
  PageMenu: 9c38fd7e0d9ef4b1408320f55bb907bbc0e538dc
  SwiftSocket: 6f4c9c63fbc5c1d61188936bb3c599fd546f40ae
  SwiftWebVC: ecc4feaabe5a3f75e059a0a345d3386bb0d16c44
  youtube-ios-player-helper: 21ab92db027c7ff86cb17a3843a3f6eafc8158d2

PODFILE CHECKSUM: 418fd72223f061779d337747d1c62c7f8cf1c338

COCOAPODS: 1.3.1
